PODS:
  - AppTestKit (0.0.1):
    - NetworkTestKit
  - Logger (0.0.1)
  - NetworkTestKit (0.0.1)

DEPENDENCIES:
  - AppTestKit (from `LocalPods/AppTestKit`)
  - Logger (from `LocalPods/Logger`)
  - NetworkTestKit (from `LocalPods/NetworkTestKit`)

EXTERNAL SOURCES:
  AppTestKit:
    :linkage: :static
    :path: LocalPods/AppTestKit
  Logger:
    :path: LocalPods/Logger
  NetworkTestKit:
    :linkage: :static
    :path: LocalPods/NetworkTestKit

SPEC CHECKSUMS:
  AppTestKit: f821d3ff20c4a77c2b1de595afa4fb0b798d4b06
  Logger: f90a618a457baad1c3f3ee831c723b0b76dc62a8
  NetworkTestKit: 5445ea4a065ef6a16dbb89120ad36f670e356629

PODFILE CHECKSUM: dummy-checksum-to-prevent-merge-conflicts

COCOAPODS: 1.14.3
